
Microsoft Visual Studio Solution File, Format Version 12.00
# Visual Studio Version 17
VisualStudioVersion = 17.3.32929.385
MinimumVisualStudioVersion = 10.0.40219.1
Project("{9A19103F-16F7-4668-BE54-9A1E7A4F7556}") = "ConsoleApp7", "ConsoleApp7\ConsoleApp7.csproj", "{EEE9D98E-771F-4E1F-B93B-D7EFDEB82AAA}"
EndProject
Global
	GlobalSection(SolutionConfigurationPlatforms) = preSolution
		Debug|Any CPU = Debug|Any CPU
		Release|Any CPU = Release|Any CPU
	EndGlobalSection
	GlobalSection(ProjectConfigurationPlatforms) = postSolution
		{EEE9D98E-771F-4E1F-B93B-D7EFDEB82AAA}.Debug|Any CPU.ActiveCfg = Debug|Any CPU
		{EEE9D98E-771F-4E1F-B93B-D7EFDEB82AAA}.Debug|Any CPU.Build.0 = Debug|Any CPU
		{EEE9D98E-771F-4E1F-B93B-D7EFDEB82AAA}.Release|Any CPU.ActiveCfg = Release|Any CPU
		{EEE9D98E-771F-4E1F-B93B-D7EFDEB82AAA}.Release|Any CPU.Build.0 = Release|Any CPU
	EndGlobalSection
	GlobalSection(SolutionProperties) = preSolution
		HideSolutionNode = FALSE
	EndGlobalSection
	GlobalSection(ExtensibilityGlobals) = postSolution
		SolutionGuid = {35722564-6F38-4CE7-A22D-E67B9AD02D00}
	EndGlobalSection
EndGlobal
